<?xml version="1.0" encoding="utf-8"?>
<Project ToolsVersion="4.0" xmlns="http://schemas.microsoft.com/developer/msbuild/2003">
  <ItemGroup>
    <Filter Include="Исходные файлы">
      <UniqueIdentifier>{4FC737F1-C7A5-4376-A066-2A32D752A2FF}</UniqueIdentifier>
      <Extensions>cpp;c;cc;cxx;c++;cppm;ixx;def;odl;idl;hpj;bat;asm;asmx</Extensions>
    </Filter>
    <Filter Include="Файлы заголовков">
      <UniqueIdentifier>{93995380-89BD-4b04-88EB-625FBE52EBFB}</UniqueIdentifier>
      <Extensions>h;hh;hpp;hxx;h++;hm;inl;inc;ipp;xsd</Extensions>
    </Filter>
    <Filter Include="Файлы ресурсов">
      <UniqueIdentifier>{67DA6AB6-F800-4c08-8B7A-83BB121AAD01}</UniqueIdentifier>
      <Extensions>rc;ico;cur;bmp;dlg;rc2;rct;bin;rgs;gif;jpg;jpeg;jpe;resx;tiff;tif;png;wav;mfcribbon-ms</Extensions>
    </Filter>
  </ItemGroup>
  <ItemGroup>
    <ClCompile Include="88.merge_sorted_array.cpp">
      <Filter>Исходные файлы</Filter>
    </ClCompile>
    <ClCompile Include="27.remove_element.cpp">
      <Filter>Исходные файлы</Filter>
    </ClCompile>
    <ClCompile Include="26.remove_dublicates_sort_array.cpp">
      <Filter>Исходные файлы</Filter>
    </ClCompile>
    <ClCompile Include="80.remove_dublicates_sort_array_2.cpp">
      <Filter>Исходные файлы</Filter>
    </ClCompile>
    <ClCompile Include="189.rotate_array.cpp">
      <Filter>Исходные файлы</Filter>
    </ClCompile>
    <ClCompile Include="121.best_time_to_buy_and_cell_stock.cpp">
      <Filter>Исходные файлы</Filter>
    </ClCompile>
    <ClCompile Include="13.roman_integer.cpp">
      <Filter>Исходные файлы</Filter>
    </ClCompile>
    <ClCompile Include="58.length_of_last_word.cpp">
      <Filter>Исходные файлы</Filter>
    </ClCompile>
    <ClCompile Include="14.longest_common_prefix.cpp">
      <Filter>Исходные файлы</Filter>
    </ClCompile>
    <ClCompile Include="28.find_index_substring.cpp">
      <Filter>Исходные файлы</Filter>
    </ClCompile>
    <ClCompile Include="125.valid_palindrom.cpp">
      <Filter>Исходные файлы</Filter>
    </ClCompile>
    <ClCompile Include="392.is_subsequence.cpp">
      <Filter>Исходные файлы</Filter>
    </ClCompile>
    <ClCompile Include="383.ransom_note.cpp">
      <Filter>Исходные файлы</Filter>
    </ClCompile>
    <ClCompile Include="205.usomorphic_string.cpp">
      <Filter>Исходные файлы</Filter>
    </ClCompile>
    <ClCompile Include="290.world_pattern.cpp">
      <Filter>Исходные файлы</Filter>
    </ClCompile>
    <ClCompile Include="242.valid_anagram.cpp">
      <Filter>Исходные файлы</Filter>
    </ClCompile>
    <ClCompile Include="1.two_sum.cpp">
      <Filter>Исходные файлы</Filter>
    </ClCompile>
    <ClCompile Include="202.happy_number.cpp">
      <Filter>Исходные файлы</Filter>
    </ClCompile>
    <ClCompile Include="219.contains_dublicate2.cpp">
      <Filter>Исходные файлы</Filter>
    </ClCompile>
    <ClCompile Include="228.summaru_ranges.cpp">
      <Filter>Исходные файлы</Filter>
    </ClCompile>
    <ClCompile Include="20.valid_pharantheses.cpp">
      <Filter>Исходные файлы</Filter>
    </ClCompile>
    <ClCompile Include="141.linked_list_cycle.cpp">
      <Filter>Исходные файлы</Filter>
    </ClCompile>
    <ClCompile Include="21.merge_two_sorted_lists.cpp">
      <Filter>Исходные файлы</Filter>
    </ClCompile>
    <ClCompile Include="9. Palindrome Number.cpp">
      <Filter>Исходные файлы</Filter>
    </ClCompile>
    <ClCompile Include="66. Plus One.cpp">
      <Filter>Исходные файлы</Filter>
    </ClCompile>
    <ClCompile Include="69. Sqrt x.cpp">
      <Filter>Исходные файлы</Filter>
    </ClCompile>
    <ClCompile Include="70. Climbing Stairs.cpp">
      <Filter>Исходные файлы</Filter>
    </ClCompile>
    <ClCompile Include="104. Maximum Depth of Binary Tree.cpp">
      <Filter>Исходные файлы</Filter>
    </ClCompile>
    <ClCompile Include="100. Same Tree.cpp">
      <Filter>Исходные файлы</Filter>
    </ClCompile>
    <ClCompile Include="226. Invert Binary Tree.cpp">
      <Filter>Исходные файлы</Filter>
    </ClCompile>
    <ClCompile Include="101. Symmetric Tree.cpp">
      <Filter>Исходные файлы</Filter>
    </ClCompile>
    <ClCompile Include="112. Path Sum.cpp">
      <Filter>Исходные файлы</Filter>
    </ClCompile>
    <ClCompile Include="!!!222. Count Complete Tree Nodes.cpp">
      <Filter>Исходные файлы</Filter>
    </ClCompile>
    <ClCompile Include="637. Average of Levels in Binary Tree.cpp">
      <Filter>Исходные файлы</Filter>
    </ClCompile>
    <ClCompile Include="530. Minimum Absolute Difference in BST.cpp">
      <Filter>Исходные файлы</Filter>
    </ClCompile>
    <ClCompile Include="108. Convert Sorted Array to Binary Search Tree.cpp">
      <Filter>Исходные файлы</Filter>
    </ClCompile>
    <ClCompile Include="35. Search Insert Position.cpp">
      <Filter>Исходные файлы</Filter>
    </ClCompile>
    <ClCompile Include="67. Add Binary.cpp">
      <Filter>Исходные файлы</Filter>
    </ClCompile>
    <ClCompile Include="190. Reverse Bits.cpp">
      <Filter>Исходные файлы</Filter>
    </ClCompile>
    <ClCompile Include="191. Number of 1 Bits.cpp">
      <Filter>Исходные файлы</Filter>
    </ClCompile>
    <ClCompile Include="136. Single Number.cpp">
      <Filter>Исходные файлы</Filter>
    </ClCompile>
    <ClCompile Include="55. Jump Game.cpp">
      <Filter>Исходные файлы</Filter>
    </ClCompile>
    <ClCompile Include="274. H-Index.cpp">
      <Filter>Исходные файлы</Filter>
    </ClCompile>
    <ClCompile Include="380. Insert Delete GetRandom O1.cpp">
      <Filter>Исходные файлы</Filter>
    </ClCompile>
    <ClCompile Include="238. Product of Array Except Self.cpp">
      <Filter>Исходные файлы</Filter>
    </ClCompile>
    <ClCompile Include="134. Gas Station.cpp">
      <Filter>Исходные файлы</Filter>
    </ClCompile>
    <ClCompile Include="12. Integer to Roman.cpp">
      <Filter>Исходные файлы</Filter>
    </ClCompile>
    <ClCompile Include="151. Reverse Words in a String.cpp">
      <Filter>Исходные файлы</Filter>
    </ClCompile>
  </ItemGroup>
  <ItemGroup>
    <None Include="380. Insert Delete GetRandom O1" />
  </ItemGroup>
</Project>